
Microsoft Visual Studio Solution File, Format Version 12.00
# Visual Studio Version 16
VisualStudioVersion = 16.0.30114.105
MinimumVisualStudioVersion = 10.0.40219.1
Project("{FAE04EC0-301F-11D3-BF4B-00C04F79EFBC}") = "consoleApp", "consoleApp\consoleApp.csproj", "{D69849F6-E139-44C0-94F6-0C7C14FB5090}"
EndProject
Global
	GlobalSection(SolutionConfigurationPlatforms) = preSolution
		Debug|Any CPU = Debug|Any CPU
		Release|Any CPU = Release|Any CPU
	EndGlobalSection
	GlobalSection(ProjectConfigurationPlatforms) = postSolution
		{D69849F6-E139-44C0-94F6-0C7C14FB5090}.Debug|Any CPU.ActiveCfg = Debug|Any CPU
		{D69849F6-E139-44C0-94F6-0C7C14FB5090}.Debug|Any CPU.Build.0 = Debug|Any CPU
		{D69849F6-E139-44C0-94F6-0C7C14FB5090}.Release|Any CPU.ActiveCfg = Release|Any CPU
		{D69849F6-E139-44C0-94F6-0C7C14FB5090}.Release|Any CPU.Build.0 = Release|Any CPU
	EndGlobalSection
	GlobalSection(SolutionProperties) = preSolution
		HideSolutionNode = FALSE
	EndGlobalSection
	GlobalSection(ExtensibilityGlobals) = postSolution
		SolutionGuid = {049B9980-71C5-4A3A-97E4-1F438695D721}
	EndGlobalSection
EndGlobal
