
Microsoft Visual Studio Solution File, Format Version 12.00
# Visual Studio Version 16
VisualStudioVersion = 16.0.30711.63
MinimumVisualStudioVersion = 10.0.40219.1
Project("{9A19103F-16F7-4668-BE54-9A1E7A4F7556}") = "EsaySaveV2.0", "EsaySaveV2.0\EsaySaveV2.0.csproj", "{B4ACD74D-8ED9-433E-A526-C266DA46188C}"
EndProject
Project("{9A19103F-16F7-4668-BE54-9A1E7A4F7556}") = "consoleApp", "..\consoleApp\consoleApp\consoleApp.csproj", "{87E432D8-C212-4768-A54E-22DAF2E12C42}"
EndProject
Global
	GlobalSection(SolutionConfigurationPlatforms) = preSolution
		Debug|Any CPU = Debug|Any CPU
		Release|Any CPU = Release|Any CPU
	EndGlobalSection
	GlobalSection(ProjectConfigurationPlatforms) = postSolution
		{B4ACD74D-8ED9-433E-A526-C266DA46188C}.Debug|Any CPU.ActiveCfg = Debug|Any CPU
		{B4ACD74D-8ED9-433E-A526-C266DA46188C}.Debug|Any CPU.Build.0 = Debug|Any CPU
		{B4ACD74D-8ED9-433E-A526-C266DA46188C}.Release|Any CPU.ActiveCfg = Release|Any CPU
		{B4ACD74D-8ED9-433E-A526-C266DA46188C}.Release|Any CPU.Build.0 = Release|Any CPU
		{87E432D8-C212-4768-A54E-22DAF2E12C42}.Debug|Any CPU.ActiveCfg = Debug|Any CPU
		{87E432D8-C212-4768-A54E-22DAF2E12C42}.Debug|Any CPU.Build.0 = Debug|Any CPU
		{87E432D8-C212-4768-A54E-22DAF2E12C42}.Release|Any CPU.ActiveCfg = Release|Any CPU
		{87E432D8-C212-4768-A54E-22DAF2E12C42}.Release|Any CPU.Build.0 = Release|Any CPU
	EndGlobalSection
	GlobalSection(SolutionProperties) = preSolution
		HideSolutionNode = FALSE
	EndGlobalSection
	GlobalSection(ExtensibilityGlobals) = postSolution
		SolutionGuid = {502DA2C4-CADD-4ADC-841E-16C214D9C723}
	EndGlobalSection
EndGlobal
